
Microsoft Visual Studio Solution File, Format Version 12.00
# Visual Studio Version 16
VisualStudioVersion = 16.0.31624.102
MinimumVisualStudioVersion = 10.0.40219.1
Project("{888888A0-9F3D-457C-B088-3A5042F75D52}") = "CommitsDay1", "CommitsDay1.pyproj", "{497DD037-9AA1-458F-94C6-1190584F6DAC}"
EndProject
Global
	GlobalSection(SolutionConfigurationPlatforms) = preSolution
		Debug|Any CPU = Debug|Any CPU
		Release|Any CPU = Release|Any CPU
	EndGlobalSection
	GlobalSection(ProjectConfigurationPlatforms) = postSolution
		{497DD037-9AA1-458F-94C6-1190584F6DAC}.Debug|Any CPU.ActiveCfg = Debug|Any CPU
		{497DD037-9AA1-458F-94C6-1190584F6DAC}.Release|Any CPU.ActiveCfg = Release|Any CPU
	EndGlobalSection
	GlobalSection(SolutionProperties) = preSolution
		HideSolutionNode = FALSE
	EndGlobalSection
	GlobalSection(ExtensibilityGlobals) = postSolution
		SolutionGuid = {6AA4A9E4-B969-4602-A3F6-E3E3EBF691FF}
	EndGlobalSection
EndGlobal
